
Microsoft Visual Studio Solution File, Format Version 12.00
# Visual Studio Version 16
VisualStudioVersion = 16.0.31321.278
MinimumVisualStudioVersion = 10.0.40219.1
Project("{FAE04EC0-301F-11D3-BF4B-00C04F79EFBC}") = "CalculatorUI", "CalculatorUI\CalculatorUI.csproj", "{8DE9BA0D-B704-4414-8A16-786CD264592B}"
EndProject
Global
	GlobalSection(SolutionConfigurationPlatforms) = preSolution
		Debug|Any CPU = Debug|Any CPU
		Release|Any CPU = Release|Any CPU
	EndGlobalSection
	GlobalSection(ProjectConfigurationPlatforms) = postSolution
		{8DE9BA0D-B704-4414-8A16-786CD264592B}.Debug|Any CPU.ActiveCfg = Debug|Any CPU
		{8DE9BA0D-B704-4414-8A16-786CD264592B}.Debug|Any CPU.Build.0 = Debug|Any CPU
		{8DE9BA0D-B704-4414-8A16-786CD264592B}.Release|Any CPU.ActiveCfg = Release|Any CPU
		{8DE9BA0D-B704-4414-8A16-786CD264592B}.Release|Any CPU.Build.0 = Release|Any CPU
	EndGlobalSection
	GlobalSection(SolutionProperties) = preSolution
		HideSolutionNode = FALSE
	EndGlobalSection
	GlobalSection(ExtensibilityGlobals) = postSolution
		SolutionGuid = {E1B0A577-775F-44CA-ACA0-5B8766447BF1}
	EndGlobalSection
EndGlobal
